
Microsoft Visual Studio Solution File, Format Version 12.00
# Visual Studio 15
VisualStudioVersion = 15.0.27130.2027
MinimumVisualStudioVersion = 10.0.40219.1
Project("{2150E333-8FDC-42A3-9474-1A3956D46DE8}") = "Solution Items", "Solution Items", "{6B9AA9C7-5E90-4D10-9DDE-A2AA5FE3ECA6}"
	ProjectSection(SolutionItems) = preProject
		.gitignore = .gitignore
		.travis.yml = .travis.yml
		appveyor.yml = appveyor.yml
		.circleci\config.yml = .circleci\config.yml
		LICENSE = LICENSE
		mung.cmd = mung.cmd
		README.md = README.md
	EndProjectSection
EndProject
Project("{9A19103F-16F7-4668-BE54-9A1E7A4F7556}") = "Documentation", "doc\Documentation.csproj", "{F3A32EA9-0B2F-46A3-B47A-33B4C04BD423}"
EndProject
Project("{9A19103F-16F7-4668-BE54-9A1E7A4F7556}") = "Mdns", "src\Mdns.csproj", "{F3C81C57-C283-4E07-B765-DEABCFB22136}"
EndProject
Project("{9A19103F-16F7-4668-BE54-9A1E7A4F7556}") = "MdnsTests", "test\MdnsTests.csproj", "{B459FBC7-4A28-4170-AD83-7348A403407F}"
EndProject
Project("{9A19103F-16F7-4668-BE54-9A1E7A4F7556}") = "Spike", "Spike\Spike.csproj", "{B7019D35-A153-4143-979C-C493A74FA7EA}"
EndProject
Project("{9A19103F-16F7-4668-BE54-9A1E7A4F7556}") = "Browser", "Browser\Browser.csproj", "{A77BEF8C-440E-46F7-ACFC-5EF06EFCA4BA}"
EndProject
Project("{FAE04EC0-301F-11D3-BF4B-00C04F79EFBC}") = "traffic", "traffic\traffic.csproj", "{5E51D502-05E1-4A45-A8D6-6FB3E295D798}"
EndProject
Global
	GlobalSection(SolutionConfigurationPlatforms) = preSolution
		Debug|Any CPU = Debug|Any CPU
		Release|Any CPU = Release|Any CPU
	EndGlobalSection
	GlobalSection(ProjectConfigurationPlatforms) = postSolution
		{F3A32EA9-0B2F-46A3-B47A-33B4C04BD423}.Debug|Any CPU.ActiveCfg = Debug|Any CPU
		{F3A32EA9-0B2F-46A3-B47A-33B4C04BD423}.Release|Any CPU.ActiveCfg = Release|Any CPU
		{F3C81C57-C283-4E07-B765-DEABCFB22136}.Debug|Any CPU.ActiveCfg = Debug|Any CPU
		{F3C81C57-C283-4E07-B765-DEABCFB22136}.Debug|Any CPU.Build.0 = Debug|Any CPU
		{F3C81C57-C283-4E07-B765-DEABCFB22136}.Release|Any CPU.ActiveCfg = Release|Any CPU
		{F3C81C57-C283-4E07-B765-DEABCFB22136}.Release|Any CPU.Build.0 = Release|Any CPU
		{B459FBC7-4A28-4170-AD83-7348A403407F}.Debug|Any CPU.ActiveCfg = Debug|Any CPU
		{B459FBC7-4A28-4170-AD83-7348A403407F}.Debug|Any CPU.Build.0 = Debug|Any CPU
		{B459FBC7-4A28-4170-AD83-7348A403407F}.Release|Any CPU.ActiveCfg = Release|Any CPU
		{B459FBC7-4A28-4170-AD83-7348A403407F}.Release|Any CPU.Build.0 = Release|Any CPU
		{B7019D35-A153-4143-979C-C493A74FA7EA}.Debug|Any CPU.ActiveCfg = Debug|Any CPU
		{B7019D35-A153-4143-979C-C493A74FA7EA}.Debug|Any CPU.Build.0 = Debug|Any CPU
		{B7019D35-A153-4143-979C-C493A74FA7EA}.Release|Any CPU.ActiveCfg = Release|Any CPU
		{B7019D35-A153-4143-979C-C493A74FA7EA}.Release|Any CPU.Build.0 = Release|Any CPU
		{A77BEF8C-440E-46F7-ACFC-5EF06EFCA4BA}.Debug|Any CPU.ActiveCfg = Debug|Any CPU
		{A77BEF8C-440E-46F7-ACFC-5EF06EFCA4BA}.Debug|Any CPU.Build.0 = Debug|Any CPU
		{A77BEF8C-440E-46F7-ACFC-5EF06EFCA4BA}.Release|Any CPU.ActiveCfg = Release|Any CPU
		{A77BEF8C-440E-46F7-ACFC-5EF06EFCA4BA}.Release|Any CPU.Build.0 = Release|Any CPU
		{5E51D502-05E1-4A45-A8D6-6FB3E295D798}.Debug|Any CPU.ActiveCfg = Debug|Any CPU
		{5E51D502-05E1-4A45-A8D6-6FB3E295D798}.Debug|Any CPU.Build.0 = Debug|Any CPU
		{5E51D502-05E1-4A45-A8D6-6FB3E295D798}.Release|Any CPU.ActiveCfg = Release|Any CPU
		{5E51D502-05E1-4A45-A8D6-6FB3E295D798}.Release|Any CPU.Build.0 = Release|Any CPU
	EndGlobalSection
	GlobalSection(SolutionProperties) = preSolution
		HideSolutionNode = FALSE
	EndGlobalSection
	GlobalSection(ExtensibilityGlobals) = postSolution
		SolutionGuid = {36ED5AA7-8F41-4F7D-A665-230635EF64A1}
	EndGlobalSection
EndGlobal
